{
  "name": "statsig-b8-1",
  "version": "1.0.0",
  "lockfileVersion": 3,
  "requires": true,
  "packages": {
    "": {
      "name": "statsig-b8-1",
      "version": "1.0.0",
      "license": "ISC",
      "dependencies": {
        "@statsig/statsig-node-core": "0.23.0"
      }
    },
    "node_modules/@octokit/auth-token": {
      "version": "5.1.2",
      "resolved": "https://registry.npmjs.org/@octokit/auth-token/-/auth-token-5.1.2.tgz",
      "integrity": "sha512-JcQDsBdg49Yky2w2ld20IHAlwr8d/d8N6NiOXbtuoPCqzbsiJgF633mVUw3x4mo0H5ypataQIX7SFu3yy44Mpw==",
      "license": "MIT",
      "engines": {
        "node": ">= 18"
      }
    },
    "node_modules/@octokit/core": {
      "version": "6.1.6",
      "resolved": "https://registry.npmjs.org/@octokit/core/-/core-6.1.6.tgz",
      "integrity": "sha512-kIU8SLQkYWGp3pVKiYzA5OSaNF5EE03P/R8zEmmrG6XwOg5oBjXyQVVIauQ0dgau4zYhpZEhJrvIYt6oM+zZZA==",
      "license": "MIT",
      "dependencies": {
        "@octokit/auth-token": "^5.0.0",
        "@octokit/graphql": "^8.2.2",
        "@octokit/request": "^9.2.3",
        "@octokit/request-error": "^6.1.8",
        "@octokit/types": "^14.0.0",
        "before-after-hook": "^3.0.2",
        "universal-user-agent": "^7.0.0"
      },
      "engines": {
        "node": ">= 18"
      }
    },
    "node_modules/@octokit/endpoint": {
      "version": "10.1.4",
      "resolved": "https://registry.npmjs.org/@octokit/endpoint/-/endpoint-10.1.4.tgz",
      "integrity": "sha512-OlYOlZIsfEVZm5HCSR8aSg02T2lbUWOsCQoPKfTXJwDzcHQBrVBGdGXb89dv2Kw2ToZaRtudp8O3ZIYoaOjKlA==",
      "license": "MIT",
      "dependencies": {
        "@octokit/types": "^14.0.0",
        "universal-user-agent": "^7.0.2"
      },
      "engines": {
        "node": ">= 18"
      }
    },
    "node_modules/@octokit/graphql": {
      "version": "8.2.2",
      "resolved": "https://registry.npmjs.org/@octokit/graphql/-/graphql-8.2.2.tgz",
      "integrity": "sha512-Yi8hcoqsrXGdt0yObxbebHXFOiUA+2v3n53epuOg1QUgOB6c4XzvisBNVXJSl8RYA5KrDuSL2yq9Qmqe5N0ryA==",
      "license": "MIT",
      "dependencies": {
        "@octokit/request": "^9.2.3",
        "@octokit/types": "^14.0.0",
        "universal-user-agent": "^7.0.0"
      },
      "engines": {
        "node": ">= 18"
      }
    },
    "node_modules/@octokit/openapi-types": {
      "version": "25.1.0",
      "resolved": "https://registry.npmjs.org/@octokit/openapi-types/-/openapi-types-25.1.0.tgz",
      "integrity": "sha512-idsIggNXUKkk0+BExUn1dQ92sfysJrje03Q0bv0e+KPLrvyqZF8MnBpFz8UNfYDwB3Ie7Z0TByjWfzxt7vseaA==",
      "license": "MIT"
    },
    "node_modules/@octokit/request": {
      "version": "9.2.4",
      "resolved": "https://registry.npmjs.org/@octokit/request/-/request-9.2.4.tgz",
      "integrity": "sha512-q8ybdytBmxa6KogWlNa818r0k1wlqzNC+yNkcQDECHvQo8Vmstrg18JwqJHdJdUiHD2sjlwBgSm9kHkOKe2iyA==",
      "license": "MIT",
      "dependencies": {
        "@octokit/endpoint": "^10.1.4",
        "@octokit/request-error": "^6.1.8",
        "@octokit/types": "^14.0.0",
        "fast-content-type-parse": "^2.0.0",
        "universal-user-agent": "^7.0.2"
      },
      "engines": {
        "node": ">= 18"
      }
    },
    "node_modules/@octokit/request-error": {
      "version": "6.1.8",
      "resolved": "https://registry.npmjs.org/@octokit/request-error/-/request-error-6.1.8.tgz",
      "integrity": "sha512-WEi/R0Jmq+IJKydWlKDmryPcmdYSVjL3ekaiEL1L9eo1sUnqMJ+grqmC9cjk7CA7+b2/T397tO5d8YLOH3qYpQ==",
      "license": "MIT",
      "dependencies": {
        "@octokit/types": "^14.0.0"
      },
      "engines": {
        "node": ">= 18"
      }
    },
    "node_modules/@octokit/types": {
      "version": "14.1.0",
      "resolved": "https://registry.npmjs.org/@octokit/types/-/types-14.1.0.tgz",
      "integrity": "sha512-1y6DgTy8Jomcpu33N+p5w58l6xyt55Ar2I91RPiIA0xCJBXyUAhXCcmZaDWSANiha7R9a6qJJ2CRomGPZ6f46g==",
      "license": "MIT",
      "dependencies": {
        "@octokit/openapi-types": "^25.1.0"
      }
    },
    "node_modules/@statsig/statsig-node-core": {
      "version": "0.23.0",
      "resolved": "https://registry.npmjs.org/@statsig/statsig-node-core/-/statsig-node-core-0.23.0.tgz",
      "integrity": "sha512-Wid5+wP1aVrHXawEwtRCWqfmMcyYGNKDdezvqJDkRGu6aGlRfuVpLdD6vmDJZZsoZ5UXKscxfumnfOIy8O7i7w==",
      "license": "ISC",
      "dependencies": {
        "@octokit/core": "^6",
        "https-proxy-agent": "^7.0.6",
        "node-fetch": "2.7.0"
      },
      "engines": {
        "node": ">= 6.14.2 < 7 || >= 8.11.2 < 9 || >= 9.11.0 < 10 || >= 10.0.0"
      },
      "optionalDependencies": {
        "@statsig/statsig-node-core-darwin-arm64": "0.23.0",
        "@statsig/statsig-node-core-darwin-x64": "0.23.0",
        "@statsig/statsig-node-core-linux-arm64-gnu": "0.23.0",
        "@statsig/statsig-node-core-linux-arm64-musl": "0.23.0",
        "@statsig/statsig-node-core-linux-x64-gnu": "0.23.0",
        "@statsig/statsig-node-core-linux-x64-musl": "0.23.0",
        "@statsig/statsig-node-core-win32-arm64-msvc": "0.23.0",
        "@statsig/statsig-node-core-win32-ia32-msvc": "0.23.0",
        "@statsig/statsig-node-core-win32-x64-msvc": "0.23.0"
      }
    },
    "node_modules/@statsig/statsig-node-core-darwin-arm64": {
      "version": "0.23.0",
      "resolved": "https://registry.npmjs.org/@statsig/statsig-node-core-darwin-arm64/-/statsig-node-core-darwin-arm64-0.23.0.tgz",
      "integrity": "sha512-0OxtiVVqxqo/jej5OTNVbpcmDQeG0sZ89gDzSU9BtXivKL2xyuTB/3OoB1KQObQMqv9iC2rP+7RLlWvdOGGbfg==",
      "cpu": [
        "arm64"
      ],
      "license": "MIT",
      "optional": true,
      "os": [
        "darwin"
      ],
      "engines": {
        "node": ">= 10"
      }
    },
    "node_modules/@statsig/statsig-node-core-darwin-x64": {
      "version": "0.23.0",
      "resolved": "https://registry.npmjs.org/@statsig/statsig-node-core-darwin-x64/-/statsig-node-core-darwin-x64-0.23.0.tgz",
      "integrity": "sha512-96LOaR6fQhN5a1U95iaazBh6rvVlrlKGmjILif1LY6m7efFNJYfMnXTl3Zh58o0aJ5FPgp/CeJfVQ/KOwiBVxw==",
      "cpu": [
        "x64"
      ],
      "license": "MIT",
      "optional": true,
      "os": [
        "darwin"
      ],
      "engines": {
        "node": ">= 10"
      }
    },
    "node_modules/@statsig/statsig-node-core-linux-arm64-gnu": {
      "version": "0.23.0",
      "resolved": "https://registry.npmjs.org/@statsig/statsig-node-core-linux-arm64-gnu/-/statsig-node-core-linux-arm64-gnu-0.23.0.tgz",
      "integrity": "sha512-GMXZ8mg4KiOABMmpGAlh4450kICSP3NmAawSEVoB6Sg/ZiuQVguzPzWZ5rpQu7LT453LhrMH61Ty+ZNDKd3mWg==",
      "cpu": [
        "arm64"
      ],
      "libc": [
        "glibc"
      ],
      "license": "MIT",
      "optional": true,
      "os": [
        "linux"
      ],
      "engines": {
        "node": ">= 10"
      }
    },
    "node_modules/@statsig/statsig-node-core-linux-arm64-musl": {
      "version": "0.23.0",
      "resolved": "https://registry.npmjs.org/@statsig/statsig-node-core-linux-arm64-musl/-/statsig-node-core-linux-arm64-musl-0.23.0.tgz",
      "integrity": "sha512-O4YWwg96ii9HWWhIJMrLTjQWEQyYNEMEc9G861w8oFLlDZV+PD6vu+nMvz7kHSrc0P1F/d3llhu2SMlqOxWFJw==",
      "cpu": [
        "arm64"
      ],
      "libc": [
        "musl"
      ],
      "license": "MIT",
      "optional": true,
      "os": [
        "linux"
      ],
      "engines": {
        "node": ">= 10"
      }
    },
    "node_modules/@statsig/statsig-node-core-linux-x64-gnu": {
      "version": "0.23.0",
      "resolved": "https://registry.npmjs.org/@statsig/statsig-node-core-linux-x64-gnu/-/statsig-node-core-linux-x64-gnu-0.23.0.tgz",
      "integrity": "sha512-qpqxpi1w/wnF4mSv9uuW1Hyqv/MNJXmSQNkH+8/MiCVyqg6WSC+TvZQwtti5EZy/ejEFNTrcpPSvZlEu87XZBA==",
      "cpu": [
        "x64"
      ],
      "libc": [
        "glibc"
      ],
      "license": "MIT",
      "optional": true,
      "os": [
        "linux"
      ],
      "engines": {
        "node": ">= 10"
      }
    },
    "node_modules/@statsig/statsig-node-core-linux-x64-musl": {
      "version": "0.23.0",
      "resolved": "https://registry.npmjs.org/@statsig/statsig-node-core-linux-x64-musl/-/statsig-node-core-linux-x64-musl-0.23.0.tgz",
      "integrity": "sha512-cHvD+aoANfJKyIi/zNU1C9M3HvinQsFWUIldc2CVLsRRCthkRG2VQZKvR+qWAu14JQcCpit0LTRsPRXCH6X0+A==",
      "cpu": [
        "x64"
      ],
      "libc": [
        "musl"
      ],
      "license": "MIT",
      "optional": true,
      "os": [
        "linux"
      ],
      "engines": {
        "node": ">= 10"
      }
    },
    "node_modules/@statsig/statsig-node-core-win32-arm64-msvc": {
      "version": "0.23.0",
      "resolved": "https://registry.npmjs.org/@statsig/statsig-node-core-win32-arm64-msvc/-/statsig-node-core-win32-arm64-msvc-0.23.0.tgz",
      "integrity": "sha512-ipC3zBiFNIJ7QLOjYJTcTTUvVo7YhMedT2N1VPgKvcyIqdnZ3Djwn6QAoThqw4AA5mlfzGOcyFADAjFK8pjQKw==",
      "cpu": [
        "arm64"
      ],
      "license": "MIT",
      "optional": true,
      "os": [
        "win32"
      ],
      "engines": {
        "node": ">= 10"
      }
    },
    "node_modules/@statsig/statsig-node-core-win32-ia32-msvc": {
      "version": "0.23.0",
      "resolved": "https://registry.npmjs.org/@statsig/statsig-node-core-win32-ia32-msvc/-/statsig-node-core-win32-ia32-msvc-0.23.0.tgz",
      "integrity": "sha512-1nlIfImKL7/h1P5RvmueGF0o/QE1Mzgg7mw5vbQmZoszDEnTCOYufid9gqvLtYjS1bxdKdanh892r5Fa4ELLKQ==",
      "cpu": [
        "ia32"
      ],
      "license": "MIT",
      "optional": true,
      "os": [
        "win32"
      ],
      "engines": {
        "node": ">= 10"
      }
    },
    "node_modules/@statsig/statsig-node-core-win32-x64-msvc": {
      "version": "0.23.0",
      "resolved": "https://registry.npmjs.org/@statsig/statsig-node-core-win32-x64-msvc/-/statsig-node-core-win32-x64-msvc-0.23.0.tgz",
      "integrity": "sha512-ywwIn5YeMZzMhxu+563Qz903crp8fBSwWnk5hfeefG60Zf0kncGUQy7XdN8PCvWEi4WPrN832KLh6hgCvlw5Uw==",
      "cpu": [
        "x64"
      ],
      "license": "MIT",
      "optional": true,
      "os": [
        "win32"
      ],
      "engines": {
        "node": ">= 10"
      }
    },
    "node_modules/agent-base": {
      "version": "7.1.4",
      "resolved": "https://registry.npmjs.org/agent-base/-/agent-base-7.1.4.tgz",
      "integrity": "sha512-MnA+YT8fwfJPgBx3m60MNqakm30XOkyIoH1y6huTQvC0PwZG7ki8NacLBcrPbNoo8vEZy7Jpuk7+jMO+CUovTQ==",
      "license": "MIT",
      "engines": {
        "node": ">= 14"
      }
    },
    "node_modules/before-after-hook": {
      "version": "3.0.2",
      "resolved": "https://registry.npmjs.org/before-after-hook/-/before-after-hook-3.0.2.tgz",
      "integrity": "sha512-Nik3Sc0ncrMK4UUdXQmAnRtzmNQTAAXmXIopizwZ1W1t8QmfJj+zL4OA2I7XPTPW5z5TDqv4hRo/JzouDJnX3A==",
      "license": "Apache-2.0"
    },
    "node_modules/debug": {
      "version": "4.4.3",
      "resolved": "https://registry.npmjs.org/debug/-/debug-4.4.3.tgz",
      "integrity": "sha512-RGwwWnwQvkVfavKVt22FGLw+xYSdzARwm0ru6DhTVA3umU5hZc28V3kO4stgYryrTlLpuvgI9GiijltAjNbcqA==",
      "license": "MIT",
      "dependencies": {
        "ms": "^2.1.3"
      },
      "engines": {
        "node": ">=6.0"
      },
      "peerDependenciesMeta": {
        "supports-color": {
          "optional": true
        }
      }
    },
    "node_modules/fast-content-type-parse": {
      "version": "2.0.1",
      "resolved": "https://registry.npmjs.org/fast-content-type-parse/-/fast-content-type-parse-2.0.1.tgz",
      "integrity": "sha512-nGqtvLrj5w0naR6tDPfB4cUmYCqouzyQiz6C5y/LtcDllJdrcc6WaWW6iXyIIOErTa/XRybj28aasdn4LkVk6Q==",
      "funding": [
        {
          "type": "github",
          "url": "https://github.com/sponsors/fastify"
        },
        {
          "type": "opencollective",
          "url": "https://opencollective.com/fastify"
        }
      ],
      "license": "MIT"
    },
    "node_modules/https-proxy-agent": {
      "version": "7.0.6",
      "resolved": "https://registry.npmjs.org/https-proxy-agent/-/https-proxy-agent-7.0.6.tgz",
      "integrity": "sha512-vK9P5/iUfdl95AI+JVyUuIcVtd4ofvtrOr3HNtM2yxC9bnMbEdp3x01OhQNnjb8IJYi38VlTE3mBXwcfvywuSw==",
      "license": "MIT",
      "dependencies": {
        "agent-base": "^7.1.2",
        "debug": "4"
      },
      "engines": {
        "node": ">= 14"
      }
    },
    "node_modules/ms": {
      "version": "2.1.3",
      "resolved": "https://registry.npmjs.org/ms/-/ms-2.1.3.tgz",
      "integrity": "sha512-6FlzubTLZG3J2a/NVCAleEhjzq5oxgHyaCU9yYXvcLsvoVaHJq/s5xXI6/XXP6tz7R9xAOtHnSO/tXtF3WRTlA==",
      "license": "MIT"
    },
    "node_modules/node-fetch": {
      "version": "2.7.0",
      "resolved": "https://registry.npmjs.org/node-fetch/-/node-fetch-2.7.0.tgz",
      "integrity": "sha512-c4FRfUm/dbcWZ7U+1Wq0AwCyFL+3nt2bEw05wfxSz+DWpWsitgmSgYmy2dQdWyKC1694ELPqMs/YzUSNozLt8A==",
      "license": "MIT",
      "dependencies": {
        "whatwg-url": "^5.0.0"
      },
      "engines": {
        "node": "4.x || >=6.0.0"
      },
      "peerDependencies": {
        "encoding": "^0.1.0"
      },
      "peerDependenciesMeta": {
        "encoding": {
          "optional": true
        }
      }
    },
    "node_modules/tr46": {
      "version": "0.0.3",
      "resolved": "https://registry.npmjs.org/tr46/-/tr46-0.0.3.tgz",
      "integrity": "sha512-N3WMsuqV66lT30CrXNbEjx4GEwlow3v6rr4mCcv6prnfwhS01rkgyFdjPNBYd9br7LpXV1+Emh01fHnq2Gdgrw==",
      "license": "MIT"
    },
    "node_modules/universal-user-agent": {
      "version": "7.0.3",
      "resolved": "https://registry.npmjs.org/universal-user-agent/-/universal-user-agent-7.0.3.tgz",
      "integrity": "sha512-TmnEAEAsBJVZM/AADELsK76llnwcf9vMKuPz8JflO1frO8Lchitr0fNaN9d+Ap0BjKtqWqd/J17qeDnXh8CL2A==",
      "license": "ISC"
    },
    "node_modules/webidl-conversions": {
      "version": "3.0.1",
      "resolved": "https://registry.npmjs.org/webidl-conversions/-/webidl-conversions-3.0.1.tgz",
      "integrity": "sha512-2JAn3z8AR6rjK8Sm8orRC0h/bcl/DqL7tRPdGZ4I1CjdF+EaMLmYxBHyXuKL849eucPFhvBoxMsflfOb8kxaeQ==",
      "license": "BSD-2-Clause"
    },
    "node_modules/whatwg-url": {
      "version": "5.0.0",
      "resolved": "https://registry.npmjs.org/whatwg-url/-/whatwg-url-5.0.0.tgz",
      "integrity": "sha512-saE57nupxk6v3HY35+jzBwYa0rKSy0XR8JSxZPwgLr7ys0IBzhGviA1/TUGJLmSVqs8pb9AnvICXEuOHLprYTw==",
      "license": "MIT",
      "dependencies": {
        "tr46": "~0.0.3",
        "webidl-conversions": "^3.0.0"
      }
    }
  }
}
